// !$*UTF8*$!
{
	archiveVersion = 1;
	classes = {
	};
	objectVersion = 50;
	objects = {

/* Begin PBXBuildFile section */
		1E3CEE58257CF33600C6C421 /* IconCellView.swift in Sources */ = {isa = PBXBuildFile; fileRef = 1E3CEE57257CF33600C6C421 /* IconCellView.swift */; };
		1E8DBD6725A88A5300025C71 /* PlaceholderImageView.swift in Sources */ = {isa = PBXBuildFile; fileRef = 1E8DBD6625A88A5300025C71 /* PlaceholderImageView.swift */; };
		1E90879F256158110047FFCC /* AppIconResizerApp.swift in Sources */ = {isa = PBXBuildFile; fileRef = 1E90879E256158110047FFCC /* AppIconResizerApp.swift */; };
		1E9087A1256158110047FFCC /* ContentView.swift in Sources */ = {isa = PBXBuildFile; fileRef = 1E9087A0256158110047FFCC /* ContentView.swift */; };
		1E9087A3256158110047FFCC /* Assets.xcassets in Resources */ = {isa = PBXBuildFile; fileRef = 1E9087A2256158110047FFCC /* Assets.xcassets */; };
		1E9087A6256158110047FFCC /* Preview Assets.xcassets in Resources */ = {isa = PBXBuildFile; fileRef = 1E9087A5256158110047FFCC /* Preview Assets.xcassets */; };
		1EBC746125691CB800A3F46F /* OriginalImageView.swift in Sources */ = {isa = PBXBuildFile; fileRef = 1EBC746025691CB800A3F46F /* OriginalImageView.swift */; };
		1EBC746425691F2100A3F46F /* ResizedImageView.swift in Sources */ = {isa = PBXBuildFile; fileRef = 1EBC746325691F2100A3F46F /* ResizedImageView.swift */; };
		1EBC746725691FF200A3F46F /* Modifiers.swift in Sources */ = {isa = PBXBuildFile; fileRef = 1EBC746625691FF200A3F46F /* Modifiers.swift */; };
		1ED06B5925692C7E00B85C3F /* IconSize.swift in Sources */ = {isa = PBXBuildFile; fileRef = 1ED06B5825692C7E00B85C3F /* IconSize.swift */; };
/* End PBXBuildFile section */

/* Begin PBXFileReference section */
		1E3CEE57257CF33600C6C421 /* IconCellView.swift */ = {isa = PBXFileReference; lastKnownFileType = sourcecode.swift; path = IconCellView.swift; sourceTree = "<group>"; };
		1E8DBD6625A88A5300025C71 /* PlaceholderImageView.swift */ = {isa = PBXFileReference; lastKnownFileType = sourcecode.swift; path = PlaceholderImageView.swift; sourceTree = "<group>"; };
		1E90879B256158110047FFCC /* AppIconResizer.app */ = {isa = PBXFileReference; explicitFileType = wrapper.application; includeInIndex = 0; path = AppIconResizer.app; sourceTree = BUILT_PRODUCTS_DIR; };
		1E90879E256158110047FFCC /* AppIconResizerApp.swift */ = {isa = PBXFileReference; lastKnownFileType = sourcecode.swift; path = AppIconResizerApp.swift; sourceTree = "<group>"; };
		1E9087A0256158110047FFCC /* ContentView.swift */ = {isa = PBXFileReference; lastKnownFileType = sourcecode.swift; path = ContentView.swift; sourceTree = "<group>"; };
		1E9087A2256158110047FFCC /* Assets.xcassets */ = {isa = PBXFileReference; lastKnownFileType = folder.assetcatalog; path = Assets.xcassets; sourceTree = "<group>"; };
		1E9087A5256158110047FFCC /* Preview Assets.xcassets */ = {isa = PBXFileReference; lastKnownFileType = folder.assetcatalog; path = "Preview Assets.xcassets"; sourceTree = "<group>"; };
		1E9087A7256158110047FFCC /* Info.plist */ = {isa = PBXFileReference; lastKnownFileType = text.plist.xml; path = Info.plist; sourceTree = "<group>"; };
		1E9087A8256158110047FFCC /* AppIconResizer.entitlements */ = {isa = PBXFileReference; lastKnownFileType = text.plist.entitlements; path = AppIconResizer.entitlements; sourceTree = "<group>"; };
		1EBC746025691CB800A3F46F /* OriginalImageView.swift */ = {isa = PBXFileReference; lastKnownFileType = sourcecode.swift; path = OriginalImageView.swift; sourceTree = "<group>"; };
		1EBC746325691F2100A3F46F /* ResizedImageView.swift */ = {isa = PBXFileReference; lastKnownFileType = sourcecode.swift; path = ResizedImageView.swift; sourceTree = "<group>"; };
		1EBC746625691FF200A3F46F /* Modifiers.swift */ = {isa = PBXFileReference; lastKnownFileType = sourcecode.swift; path = Modifiers.swift; sourceTree = "<group>"; };
		1ED06B5825692C7E00B85C3F /* IconSize.swift */ = {isa = PBXFileReference; lastKnownFileType = sourcecode.swift; path = IconSize.swift; sourceTree = "<group>"; };
/* End PBXFileReference section */

/* Begin PBXFrameworksBuildPhase section */
		1E908798256158110047FFCC /* Frameworks */ = {
			isa = PBXFrameworksBuildPhase;
			buildActionMask = 2147483647;
			files = (
			);
			runOnlyForDeploymentPostprocessing = 0;
		};
/* End PBXFrameworksBuildPhase section */

/* Begin PBXGroup section */
		1E908792256158110047FFCC = {
			isa = PBXGroup;
			children = (
				1E90879D256158110047FFCC /* AppIconResizer */,
				1E90879C256158110047FFCC /* Products */,
			);
			sourceTree = "<group>";
		};
		1E90879C256158110047FFCC /* Products */ = {
			isa = PBXGroup;
			children = (
				1E90879B256158110047FFCC /* AppIconResizer.app */,
			);
			name = Products;
			sourceTree = "<group>";
		};
		1E90879D256158110047FFCC /* AppIconResizer */ = {
			isa = PBXGroup;
			children = (
				1ED06B5B25692C8400B85C3F /* Model */,
				1EBC746B2569211F00A3F46F /* View */,
				1EBC74692569210A00A3F46F /* Helper */,
				1E90879E256158110047FFCC /* AppIconResizerApp.swift */,
				1E9087A2256158110047FFCC /* Assets.xcassets */,
				1E9087A7256158110047FFCC /* Info.plist */,
				1E9087A8256158110047FFCC /* AppIconResizer.entitlements */,
				1E9087A4256158110047FFCC /* Preview Content */,
			);
			path = AppIconResizer;
			sourceTree = "<group>";
		};
		1E9087A4256158110047FFCC /* Preview Content */ = {
			isa = PBXGroup;
			children = (
				1E9087A5256158110047FFCC /* Preview Assets.xcassets */,
			);
			path = "Preview Content";
			sourceTree = "<group>";
		};
		1EBC74692569210A00A3F46F /* Helper */ = {
			isa = PBXGroup;
			children = (
				1EBC746625691FF200A3F46F /* Modifiers.swift */,
			);
			path = Helper;
			sourceTree = "<group>";
		};
		1EBC746B2569211F00A3F46F /* View */ = {
			isa = PBXGroup;
			children = (
				1E9087A0256158110047FFCC /* ContentView.swift */,
				1EBC746025691CB800A3F46F /* OriginalImageView.swift */,
				1EBC746325691F2100A3F46F /* ResizedImageView.swift */,
				1E3CEE57257CF33600C6C421 /* IconCellView.swift */,
				1E8DBD6625A88A5300025C71 /* PlaceholderImageView.swift */,
			);
			path = View;
			sourceTree = "<group>";
		};
		1ED06B5B25692C8400B85C3F /* Model */ = {
			isa = PBXGroup;
			children = (
				1ED06B5825692C7E00B85C3F /* IconSize.swift */,
			);
			path = Model;
			sourceTree = "<group>";
		};
/* End PBXGroup section */

/* Begin PBXNativeTarget section */
		1E90879A256158110047FFCC /* AppIconResizer */ = {
			isa = PBXNativeTarget;
			buildConfigurationList = 1E9087AB256158110047FFCC /* Build configuration list for PBXNativeTarget "AppIconResizer" */;
			buildPhases = (
				1E908797256158110047FFCC /* Sources */,
				1E908798256158110047FFCC /* Frameworks */,
				1E908799256158110047FFCC /* Resources */,
			);
			buildRules = (
			);
			dependencies = (
			);
			name = AppIconResizer;
			productName = AppIconResizer;
			productReference = 1E90879B256158110047FFCC /* AppIconResizer.app */;
			productType = "com.apple.product-type.application";
		};
/* End PBXNativeTarget section */

/* Begin PBXProject section */
		1E908793256158110047FFCC /* Project object */ = {
			isa = PBXProject;
			attributes = {
				LastSwiftUpdateCheck = 1220;
				LastUpgradeCheck = 1230;
				TargetAttributes = {
					1E90879A256158110047FFCC = {
						CreatedOnToolsVersion = 12.2;
					};
				};
			};
			buildConfigurationList = 1E908796256158110047FFCC /* Build configuration list for PBXProject "AppIconResizer" */;
			compatibilityVersion = "Xcode 9.3";
			developmentRegion = en;
			hasScannedForEncodings = 0;
			knownRegions = (
				en,
				Base,
			);
			mainGroup = 1E908792256158110047FFCC;
			productRefGroup = 1E90879C256158110047FFCC /* Products */;
			projectDirPath = "";
			projectRoot = "";
			targets = (
				1E90879A256158110047FFCC /* AppIconResizer */,
			);
		};
/* End PBXProject section */

/* Begin PBXResourcesBuildPhase section */
		1E908799256158110047FFCC /* Resources */ = {
			isa = PBXResourcesBuildPhase;
			buildActionMask = 2147483647;
			files = (
				1E9087A6256158110047FFCC /* Preview Assets.xcassets in Resources */,
				1E9087A3256158110047FFCC /* Assets.xcassets in Resources */,
			);
			runOnlyForDeploymentPostprocessing = 0;
		};
/* End PBXResourcesBuildPhase section */

/* Begin PBXSourcesBuildPhase section */
		1E908797256158110047FFCC /* Sources */ = {
			isa = PBXSourcesBuildPhase;
			buildActionMask = 2147483647;
			files = (
				1E8DBD6725A88A5300025C71 /* PlaceholderImageView.swift in Sources */,
				1E3CEE58257CF33600C6C421 /* IconCellView.swift in Sources */,
				1E9087A1256158110047FFCC /* ContentView.swift in Sources */,
				1ED06B5925692C7E00B85C3F /* IconSize.swift in Sources */,
				1EBC746425691F2100A3F46F /* ResizedImageView.swift in Sources */,
				1E90879F256158110047FFCC /* AppIconResizerApp.swift in Sources */,
				1EBC746125691CB800A3F46F /* OriginalImageView.swift in Sources */,
				1EBC746725691FF200A3F46F /* Modifiers.swift in Sources */,
			);
			runOnlyForDeploymentPostprocessing = 0;
		};
/* End PBXSourcesBuildPhase section */

/* Begin XCBuildConfiguration section */
		1E9087A9256158110047FFCC /* Debug */ = {
			isa = XCBuildConfiguration;
			buildSettings = {
				ALWAYS_SEARCH_USER_PATHS = NO;
				CLANG_ANALYZER_NONNULL = YES;
				CLANG_ANALYZER_NUMBER_OBJECT_CONVERSION = YES_AGGRESSIVE;
				CLANG_CXX_LANGUAGE_STANDARD = "gnu++14";
				CLANG_CXX_LIBRARY = "libc++";
				CLANG_ENABLE_MODULES = YES;
				CLANG_ENABLE_OBJC_ARC = YES;
				CLANG_ENABLE_OBJC_WEAK = YES;
				CLANG_WARN_BLOCK_CAPTURE_AUTORELEASING = YES;
				CLANG_WARN_BOOL_CONVERSION = YES;
				CLANG_WARN_COMMA = YES;
				CLANG_WARN_CONSTANT_CONVERSION = YES;
				CLANG_WARN_DEPRECATED_OBJC_IMPLEMENTATIONS = YES;
				CLANG_WARN_DIRECT_OBJC_ISA_USAGE = YES_ERROR;
				CLANG_WARN_DOCUMENTATION_COMMENTS = YES;
				CLANG_WARN_EMPTY_BODY = YES;
				CLANG_WARN_ENUM_CONVERSION = YES;
				CLANG_WARN_INFINITE_RECURSION = YES;
				CLANG_WARN_INT_CONVERSION = YES;
				CLANG_WARN_NON_LITERAL_NULL_CONVERSION = YES;
				CLANG_WARN_OBJC_IMPLICIT_RETAIN_SELF = YES;
				CLANG_WARN_OBJC_LITERAL_CONVERSION = YES;
				CLANG_WARN_OBJC_ROOT_CLASS = YES_ERROR;
				CLANG_WARN_QUOTED_INCLUDE_IN_FRAMEWORK_HEADER = YES;
				CLANG_WARN_RANGE_LOOP_ANALYSIS = YES;
				CLANG_WARN_STRICT_PROTOTYPES = YES;
				CLANG_WARN_SUSPICIOUS_MOVE = YES;
				CLANG_WARN_UNGUARDED_AVAILABILITY = YES_AGGRESSIVE;
				CLANG_WARN_UNREACHABLE_CODE = YES;
				CLANG_WARN__DUPLICATE_METHOD_MATCH = YES;
				COPY_PHASE_STRIP = NO;
				DEBUG_INFORMATION_FORMAT = dwarf;
				ENABLE_STRICT_OBJC_MSGSEND = YES;
				ENABLE_TESTABILITY = YES;
				GCC_C_LANGUAGE_STANDARD = gnu11;
				GCC_DYNAMIC_NO_PIC = NO;
				GCC_NO_COMMON_BLOCKS = YES;
				GCC_OPTIMIZATION_LEVEL = 0;
				GCC_PREPROCESSOR_DEFINITIONS = (
					"DEBUG=1",
					"$(inherited)",
				);
				GCC_WARN_64_TO_32_BIT_CONVERSION = YES;
				GCC_WARN_ABOUT_RETURN_TYPE = YES_ERROR;
				GCC_WARN_UNDECLARED_SELECTOR = YES;
				GCC_WARN_UNINITIALIZED_AUTOS = YES_AGGRESSIVE;
				GCC_WARN_UNUSED_FUNCTION = YES;
				GCC_WARN_UNUSED_VARIABLE = YES;
				MACOSX_DEPLOYMENT_TARGET = 11.0;
				MTL_ENABLE_DEBUG_INFO = INCLUDE_SOURCE;
				MTL_FAST_MATH = YES;
				ONLY_ACTIVE_ARCH = YES;
				SDKROOT = macosx;
				SWIFT_ACTIVE_COMPILATION_CONDITIONS = DEBUG;
				SWIFT_OPTIMIZATION_LEVEL = "-Onone";
			};
			name = Debug;
		};
		1E9087AA256158110047FFCC /* Release */ = {
			isa = XCBuildConfiguration;
			buildSettings = {
				ALWAYS_SEARCH_USER_PATHS = NO;
				CLANG_ANALYZER_NONNULL = YES;
				CLANG_ANALYZER_NUMBER_OBJECT_CONVERSION = YES_AGGRESSIVE;
				CLANG_CXX_LANGUAGE_STANDARD = "gnu++14";
				CLANG_CXX_LIBRARY = "libc++";
				CLANG_ENABLE_MODULES = YES;
				CLANG_ENABLE_OBJC_ARC = YES;
				CLANG_ENABLE_OBJC_WEAK = YES;
				CLANG_WARN_BLOCK_CAPTURE_AUTORELEASING = YES;
				CLANG_WARN_BOOL_CONVERSION = YES;
				CLANG_WARN_COMMA = YES;
				CLANG_WARN_CONSTANT_CONVERSION = YES;
				CLANG_WARN_DEPRECATED_OBJC_IMPLEMENTATIONS = YES;
				CLANG_WARN_DIRECT_OBJC_ISA_USAGE = YES_ERROR;
				CLANG_WARN_DOCUMENTATION_COMMENTS = YES;
				CLANG_WARN_EMPTY_BODY = YES;
				CLANG_WARN_ENUM_CONVERSION = YES;
				CLANG_WARN_INFINITE_RECURSION = YES;
				CLANG_WARN_INT_CONVERSION = YES;
				CLANG_WARN_NON_LITERAL_NULL_CONVERSION = YES;
				CLANG_WARN_OBJC_IMPLICIT_RETAIN_SELF = YES;
				CLANG_WARN_OBJC_LITERAL_CONVERSION = YES;
				CLANG_WARN_OBJC_ROOT_CLASS = YES_ERROR;
				CLANG_WARN_QUOTED_INCLUDE_IN_FRAMEWORK_HEADER = YES;
				CLANG_WARN_RANGE_LOOP_ANALYSIS = YES;
				CLANG_WARN_STRICT_PROTOTYPES = YES;
				CLANG_WARN_SUSPICIOUS_MOVE = YES;
				CLANG_WARN_UNGUARDED_AVAILABILITY = YES_AGGRESSIVE;
				CLANG_WARN_UNREACHABLE_CODE = YES;
				CLANG_WARN__DUPLICATE_METHOD_MATCH = YES;
				COPY_PHASE_STRIP = NO;
				DEBUG_INFORMATION_FORMAT = "dwarf-with-dsym";
				ENABLE_NS_ASSERTIONS = NO;
				ENABLE_STRICT_OBJC_MSGSEND = YES;
				GCC_C_LANGUAGE_STANDARD = gnu11;
				GCC_NO_COMMON_BLOCKS = YES;
				GCC_WARN_64_TO_32_BIT_CONVERSION = YES;
				GCC_WARN_ABOUT_RETURN_TYPE = YES_ERROR;
				GCC_WARN_UNDECLARED_SELECTOR = YES;
				GCC_WARN_UNINITIALIZED_AUTOS = YES_AGGRESSIVE;
				GCC_WARN_UNUSED_FUNCTION = YES;
				GCC_WARN_UNUSED_VARIABLE = YES;
				MACOSX_DEPLOYMENT_TARGET = 11.0;
				MTL_ENABLE_DEBUG_INFO = NO;
				MTL_FAST_MATH = YES;
				SDKROOT = macosx;
				SWIFT_COMPILATION_MODE = wholemodule;
				SWIFT_OPTIMIZATION_LEVEL = "-O";
			};
			name = Release;
		};
		1E9087AC256158110047FFCC /* Debug */ = {
			isa = XCBuildConfiguration;
			buildSettings = {
				ASSETCATALOG_COMPILER_APPICON_NAME = AppIcon;
				ASSETCATALOG_COMPILER_GLOBAL_ACCENT_COLOR_NAME = AccentColor;
				CODE_SIGN_ENTITLEMENTS = AppIconResizer/AppIconResizer.entitlements;
				CODE_SIGN_IDENTITY = "Apple Development";
				CODE_SIGN_STYLE = Automatic;
				COMBINE_HIDPI_IMAGES = YES;
				CURRENT_PROJECT_VERSION = 6;
				DEVELOPMENT_ASSET_PATHS = "\"AppIconResizer/Preview Content\"";
				DEVELOPMENT_TEAM = 2YU38T3WV9;
				ENABLE_HARDENED_RUNTIME = YES;
				ENABLE_PREVIEWS = YES;
				INFOPLIST_FILE = AppIconResizer/Info.plist;
				LD_RUNPATH_SEARCH_PATHS = (
					"$(inherited)",
					"@executable_path/../Frameworks",
				);
				MACOSX_DEPLOYMENT_TARGET = 12.0;
				PRODUCT_BUNDLE_IDENTIFIER = de.berkantdursun.appiconresizer;
				PRODUCT_NAME = "$(TARGET_NAME)";
				SWIFT_VERSION = 5.0;
			};
			name = Debug;
		};
		1E9087AD256158110047FFCC /* Release */ = {
			isa = XCBuildConfiguration;
			buildSettings = {
				ASSETCATALOG_COMPILER_APPICON_NAME = AppIcon;
				ASSETCATALOG_COMPILER_GLOBAL_ACCENT_COLOR_NAME = AccentColor;
				CODE_SIGN_ENTITLEMENTS = AppIconResizer/AppIconResizer.entitlements;
				CODE_SIGN_IDENTITY = "Apple Development";
				CODE_SIGN_STYLE = Automatic;
				COMBINE_HIDPI_IMAGES = YES;
				CURRENT_PROJECT_VERSION = 6;
				DEVELOPMENT_ASSET_PATHS = "\"AppIconResizer/Preview Content\"";
				DEVELOPMENT_TEAM = 2YU38T3WV9;
				ENABLE_HARDENED_RUNTIME = YES;
				ENABLE_PREVIEWS = YES;
				INFOPLIST_FILE = AppIconResizer/Info.plist;
				LD_RUNPATH_SEARCH_PATHS = (
					"$(inherited)",
					"@executable_path/../Frameworks",
				);
				MACOSX_DEPLOYMENT_TARGET = 12.0;
				PRODUCT_BUNDLE_IDENTIFIER = de.berkantdursun.appiconresizer;
				PRODUCT_NAME = "$(TARGET_NAME)";
				SWIFT_VERSION = 5.0;
			};
			name = Release;
		};
/* End XCBuildConfiguration section */

/* Begin XCConfigurationList section */
		1E908796256158110047FFCC /* Build configuration list for PBXProject "AppIconResizer" */ = {
			isa = XCConfigurationList;
			buildConfigurations = (
				1E9087A9256158110047FFCC /* Debug */,
				1E9087AA256158110047FFCC /* Release */,
			);
			defaultConfigurationIsVisible = 0;
			defaultConfigurationName = Release;
		};
		1E9087AB256158110047FFCC /* Build configuration list for PBXNativeTarget "AppIconResizer" */ = {
			isa = XCConfigurationList;
			buildConfigurations = (
				1E9087AC256158110047FFCC /* Debug */,
				1E9087AD256158110047FFCC /* Release */,
			);
			defaultConfigurationIsVisible = 0;
			defaultConfigurationName = Release;
		};
/* End XCConfigurationList section */
	};
	rootObject = 1E908793256158110047FFCC /* Project object */;
}
